
Microsoft Visual Studio Solution File, Format Version 12.00
# Visual Studio Version 17
VisualStudioVersion = 17.4.33213.308
MinimumVisualStudioVersion = 10.0.40219.1
Project("{FAE04EC0-301F-11D3-BF4B-00C04F79EFBC}") = "Lab 3 - Abstracts", "Lab 3 - Abstracts\Lab 3 - Abstracts.csproj", "{744A94A8-6FD0-41D6-AC8E-7A6F1A9642BB}"
EndProject
Global
	GlobalSection(SolutionConfigurationPlatforms) = preSolution
		Debug|Any CPU = Debug|Any CPU
		Release|Any CPU = Release|Any CPU
	EndGlobalSection
	GlobalSection(ProjectConfigurationPlatforms) = postSolution
		{744A94A8-6FD0-41D6-AC8E-7A6F1A9642BB}.Debug|Any CPU.ActiveCfg = Debug|Any CPU
		{744A94A8-6FD0-41D6-AC8E-7A6F1A9642BB}.Debug|Any CPU.Build.0 = Debug|Any CPU
		{744A94A8-6FD0-41D6-AC8E-7A6F1A9642BB}.Release|Any CPU.ActiveCfg = Release|Any CPU
		{744A94A8-6FD0-41D6-AC8E-7A6F1A9642BB}.Release|Any CPU.Build.0 = Release|Any CPU
	EndGlobalSection
	GlobalSection(SolutionProperties) = preSolution
		HideSolutionNode = FALSE
	EndGlobalSection
	GlobalSection(ExtensibilityGlobals) = postSolution
		SolutionGuid = {AA709566-45F3-4203-9A6E-B89268C5266D}
	EndGlobalSection
EndGlobal
